// !$*UTF8*$!
{
	archiveVersion = 1;
	classes = {
	};
	objectVersion = 56;
	objects = {

/* Begin PBXBuildFile section */
		96C75DA3302A2648009FADE1 /* FireProspectApp.swift in Sources */ = {isa = PBXBuildFile; fileRef = 96C75DA2302A2648009FADE1 /* FireProspectApp.swift */; };
		96C75DA5302A2648009FADE1 /* ContentView.swift in Sources */ = {isa = PBXBuildFile; fileRef = 96C75DA4302A2648009FADE1 /* ContentView.swift */; };
		96C75DA7302A264A009FADE1 /* Assets.xcassets in Resources */ = {isa = PBXBuildFile; fileRef = 96C75DA6302A264A009FADE1 /* Assets.xcassets */; };
		96C75DB5302A264A009FADE1 /* FireProspectTests.swift in Sources */ = {isa = PBXBuildFile; fileRef = 96C75DB4302A264A009FADE1 /* FireProspectTests.swift */; };
		96C75DBF302A264A009FADE1 /* FireProspectUITests.swift in Sources */ = {isa = PBXBuildFile; fileRef = 96C75DBE302A264A009FADE1 /* FireProspectUITests.swift */; };
		96C75DC1302A264A009FADE1 /* FireProspectUITestsLaunchTests.swift in Sources */ = {isa = PBXBuildFile; fileRef = 96C75DC0302A264A009FADE1 /* FireProspectUITestsLaunchTests.swift */; };
		96C75DD0302A2779009FADE1 /* MapKitSearchService.swift in Sources */ = {isa = PBXBuildFile; fileRef = 96C75DCF302A2779009FADE1 /* MapKitSearchService.swift */; };
		96C75DD6302A88C0009FADE1 /* uszips.json in Resources */ = {isa = PBXBuildFile; fileRef = 96C75DD5302A88BF009FADE1 /* uszips.json */; };
		96C75DD9302CF371009FADE1 /* FirecrawlService.swift in Sources */ = {isa = PBXBuildFile; fileRef = 96C75DD7302CF371009FADE1 /* FirecrawlService.swift */; };
		96C75DDA302CF371009FADE1 /* KeychainHelper.swift in Sources */ = {isa = PBXBuildFile; fileRef = 96C75DD8302CF371009FADE1 /* KeychainHelper.swift */; };
		A10000010000000000000001 /* Geography.swift in Sources */ = {isa = PBXBuildFile; fileRef = A10000110000000000000001 /* Geography.swift */; };
		A10000020000000000000001 /* BundledGeographyRepository.swift in Sources */ = {isa = PBXBuildFile; fileRef = A10000120000000000000001 /* BundledGeographyRepository.swift */; };
		A20000010000000000000001 /* Prospect.swift in Sources */ = {isa = PBXBuildFile; fileRef = A20000110000000000000001 /* Prospect.swift */; };
		A20000020000000000000001 /* CSVExporter.swift in Sources */ = {isa = PBXBuildFile; fileRef = A20000120000000000000001 /* CSVExporter.swift */; };
		A20000030000000000000001 /* MapKitProspectAdapter.swift in Sources */ = {isa = PBXBuildFile; fileRef = A20000130000000000000001 /* MapKitProspectAdapter.swift */; };
		A30000020000000000000001 /* SiteEnrichmentService.swift in Sources */ = {isa = PBXBuildFile; fileRef = A30000120000000000000001 /* SiteEnrichmentService.swift */; };
		A30000030000000000000001 /* TeamPagePersonnelParser.swift in Sources */ = {isa = PBXBuildFile; fileRef = A30000130000000000000001 /* TeamPagePersonnelParser.swift */; };
		A30000040000000000000001 /* SiteEmailPolicy.swift in Sources */ = {isa = PBXBuildFile; fileRef = A30000140000000000000001 /* SiteEmailPolicy.swift */; };
		A30000010000000000000001 /* LocalModelService.swift in Sources */ = {isa = PBXBuildFile; fileRef = A30000110000000000000001 /* LocalModelService.swift */; };
		A40000010000000000000001 /* LocalModelSetupWizard.swift in Sources */ = {isa = PBXBuildFile; fileRef = A40000110000000000000001 /* LocalModelSetupWizard.swift */; };
		A40000020000000000000001 /* MLXLLM in Frameworks */ = {isa = PBXBuildFile; productRef = A40000310000000000000001 /* MLXLLM */; };
		A40000030000000000000001 /* MLXLMCommon in Frameworks */ = {isa = PBXBuildFile; productRef = A40000320000000000000001 /* MLXLMCommon */; };
		A10000030000000000000001 /* GeographyDataMetadata.json in Resources */ = {isa = PBXBuildFile; fileRef = A10000130000000000000001 /* GeographyDataMetadata.json */; };
/* End PBXBuildFile section */

/* Begin PBXContainerItemProxy section */
		96C75DB1302A264A009FADE1 /* PBXContainerItemProxy */ = {
			isa = PBXContainerItemProxy;
			containerPortal = 96C75D97302A2648009FADE1 /* Project object */;
			proxyType = 1;
			remoteGlobalIDString = 96C75D9E302A2648009FADE1;
			remoteInfo = FireProspect;
		};
		96C75DBB302A264A009FADE1 /* PBXContainerItemProxy */ = {
			isa = PBXContainerItemProxy;
			containerPortal = 96C75D97302A2648009FADE1 /* Project object */;
			proxyType = 1;
			remoteGlobalIDString = 96C75D9E302A2648009FADE1;
			remoteInfo = FireProspect;
		};
/* End PBXContainerItemProxy section */

/* Begin PBXFileReference section */
		96C75D9F302A2648009FADE1 /* FireProspect.app */ = {isa = PBXFileReference; explicitFileType = wrapper.application; includeInIndex = 0; path = FireProspect.app; sourceTree = BUILT_PRODUCTS_DIR; };
		96C75DA2302A2648009FADE1 /* FireProspectApp.swift */ = {isa = PBXFileReference; lastKnownFileType = sourcecode.swift; path = FireProspectApp.swift; sourceTree = "<group>"; };
		A50000110000000000000001 /* FireProspect.entitlements */ = {isa = PBXFileReference; lastKnownFileType = text.plist.entitlements; path = FireProspect.entitlements; sourceTree = "<group>"; };
		A50000120000000000000001 /* FireProspect-Debug.entitlements */ = {isa = PBXFileReference; lastKnownFileType = text.plist.entitlements; path = "FireProspect-Debug.entitlements"; sourceTree = "<group>"; };
		96C75DA4302A2648009FADE1 /* ContentView.swift */ = {isa = PBXFileReference; lastKnownFileType = sourcecode.swift; path = ContentView.swift; sourceTree = "<group>"; };
		96C75DA6302A264A009FADE1 /* Assets.xcassets */ = {isa = PBXFileReference; lastKnownFileType = folder.assetcatalog; path = Assets.xcassets; sourceTree = "<group>"; };
		96C75DA9302A264A009FADE1 /* Preview Assets.xcassets */ = {isa = PBXFileReference; lastKnownFileType = folder.assetcatalog; path = "Preview Assets.xcassets"; sourceTree = "<group>"; };
		96C75DB0302A264A009FADE1 /* FireProspectTests.xctest */ = {isa = PBXFileReference; explicitFileType = wrapper.cfbundle; includeInIndex = 0; path = FireProspectTests.xctest; sourceTree = BUILT_PRODUCTS_DIR; };
		96C75DB4302A264A009FADE1 /* FireProspectTests.swift */ = {isa = PBXFileReference; lastKnownFileType = sourcecode.swift; path = FireProspectTests.swift; sourceTree = "<group>"; };
		96C75DBA302A264A009FADE1 /* FireProspectUITests.xctest */ = {isa = PBXFileReference; explicitFileType = wrapper.cfbundle; includeInIndex = 0; path = FireProspectUITests.xctest; sourceTree = BUILT_PRODUCTS_DIR; };
		96C75DBE302A264A009FADE1 /* FireProspectUITests.swift */ = {isa = PBXFileReference; lastKnownFileType = sourcecode.swift; path = FireProspectUITests.swift; sourceTree = "<group>"; };
		96C75DC0302A264A009FADE1 /* FireProspectUITestsLaunchTests.swift */ = {isa = PBXFileReference; lastKnownFileType = sourcecode.swift; path = FireProspectUITestsLaunchTests.swift; sourceTree = "<group>"; };
		96C75DCF302A2779009FADE1 /* MapKitSearchService.swift */ = {isa = PBXFileReference; lastKnownFileType = sourcecode.swift; path = MapKitSearchService.swift; sourceTree = "<group>"; };
		96C75DD5302A88BF009FADE1 /* uszips.json */ = {isa = PBXFileReference; fileEncoding = 4; lastKnownFileType = text.json; path = uszips.json; sourceTree = "<group>"; };
		96C75DD7302CF371009FADE1 /* FirecrawlService.swift */ = {isa = PBXFileReference; fileEncoding = 4; lastKnownFileType = sourcecode.swift; path = FirecrawlService.swift; sourceTree = "<group>"; };
		96C75DD8302CF371009FADE1 /* KeychainHelper.swift */ = {isa = PBXFileReference; fileEncoding = 4; lastKnownFileType = sourcecode.swift; path = KeychainHelper.swift; sourceTree = "<group>"; };
		A10000110000000000000001 /* Geography.swift */ = {isa = PBXFileReference; lastKnownFileType = sourcecode.swift; path = Geography.swift; sourceTree = "<group>"; };
		A10000120000000000000001 /* BundledGeographyRepository.swift */ = {isa = PBXFileReference; lastKnownFileType = sourcecode.swift; path = BundledGeographyRepository.swift; sourceTree = "<group>"; };
		A20000110000000000000001 /* Prospect.swift */ = {isa = PBXFileReference; lastKnownFileType = sourcecode.swift; path = Prospect.swift; sourceTree = "<group>"; };
		A20000120000000000000001 /* CSVExporter.swift */ = {isa = PBXFileReference; lastKnownFileType = sourcecode.swift; path = CSVExporter.swift; sourceTree = "<group>"; };
		A20000130000000000000001 /* MapKitProspectAdapter.swift */ = {isa = PBXFileReference; lastKnownFileType = sourcecode.swift; path = MapKitProspectAdapter.swift; sourceTree = "<group>"; };
		A30000120000000000000001 /* SiteEnrichmentService.swift */ = {isa = PBXFileReference; lastKnownFileType = sourcecode.swift; path = SiteEnrichmentService.swift; sourceTree = "<group>"; };
		A30000130000000000000001 /* TeamPagePersonnelParser.swift */ = {isa = PBXFileReference; lastKnownFileType = sourcecode.swift; path = TeamPagePersonnelParser.swift; sourceTree = "<group>"; };
		A30000140000000000000001 /* SiteEmailPolicy.swift */ = {isa = PBXFileReference; lastKnownFileType = sourcecode.swift; path = SiteEmailPolicy.swift; sourceTree = "<group>"; };
		A30000110000000000000001 /* LocalModelService.swift */ = {isa = PBXFileReference; lastKnownFileType = sourcecode.swift; path = LocalModelService.swift; sourceTree = "<group>"; };
		A40000110000000000000001 /* LocalModelSetupWizard.swift */ = {isa = PBXFileReference; lastKnownFileType = sourcecode.swift; path = LocalModelSetupWizard.swift; sourceTree = "<group>"; };
		A10000130000000000000001 /* GeographyDataMetadata.json */ = {isa = PBXFileReference; lastKnownFileType = text.json; path = GeographyDataMetadata.json; sourceTree = "<group>"; };
/* End PBXFileReference section */

/* Begin PBXFrameworksBuildPhase section */
		96C75D9C302A2648009FADE1 /* Frameworks */ = {
			isa = PBXFrameworksBuildPhase;
			buildActionMask = 2147483647;
			files = (
				A40000020000000000000001 /* MLXLLM in Frameworks */,
				A40000030000000000000001 /* MLXLMCommon in Frameworks */,
			);
			runOnlyForDeploymentPostprocessing = 0;
		};
		96C75DAD302A264A009FADE1 /* Frameworks */ = {
			isa = PBXFrameworksBuildPhase;
			buildActionMask = 2147483647;
			files = (
			);
			runOnlyForDeploymentPostprocessing = 0;
		};
		96C75DB7302A264A009FADE1 /* Frameworks */ = {
			isa = PBXFrameworksBuildPhase;
			buildActionMask = 2147483647;
			files = (
			);
			runOnlyForDeploymentPostprocessing = 0;
		};
/* End PBXFrameworksBuildPhase section */

/* Begin PBXGroup section */
		96C75D96302A2648009FADE1 = {
			isa = PBXGroup;
			children = (
				96C75DA1302A2648009FADE1 /* FireProspect */,
				96C75DB3302A264A009FADE1 /* FireProspectTests */,
				96C75DBD302A264A009FADE1 /* FireProspectUITests */,
				96C75DA0302A2648009FADE1 /* Products */,
			);
			sourceTree = "<group>";
		};
		96C75DA0302A2648009FADE1 /* Products */ = {
			isa = PBXGroup;
			children = (
				96C75D9F302A2648009FADE1 /* FireProspect.app */,
				96C75DB0302A264A009FADE1 /* FireProspectTests.xctest */,
				96C75DBA302A264A009FADE1 /* FireProspectUITests.xctest */,
			);
			name = Products;
			sourceTree = "<group>";
		};
		96C75DA1302A2648009FADE1 /* FireProspect */ = {
			isa = PBXGroup;
			children = (
				96C75DA2302A2648009FADE1 /* FireProspectApp.swift */,
				A50000110000000000000001 /* FireProspect.entitlements */,
				A50000120000000000000001 /* FireProspect-Debug.entitlements */,
				96C75DA4302A2648009FADE1 /* ContentView.swift */,
				A40000110000000000000001 /* LocalModelSetupWizard.swift */,
				96C75DCF302A2779009FADE1 /* MapKitSearchService.swift */,
				A10000210000000000000001 /* Domain */,
				96C75DDE302CF371009FADE1 /* Infrastructure */,
				96C75DDF302CF371009FADE1 /* Resources */,
				96C75DA8302A264A009FADE1 /* Preview Content */,
			);
			path = FireProspect;
			sourceTree = "<group>";
		};
		96C75DDE302CF371009FADE1 /* Infrastructure */ = {
			isa = PBXGroup;
			children = (
				A10000230000000000000001 /* Geography */,
				A20000210000000000000001 /* Export */,
				A20000220000000000000001 /* MapKit */,
				A30000110000000000000001 /* LocalModelService.swift */,
				A30000120000000000000001 /* SiteEnrichmentService.swift */,
				A30000130000000000000001 /* TeamPagePersonnelParser.swift */,
				A30000140000000000000001 /* SiteEmailPolicy.swift */,
				96C75DD7302CF371009FADE1 /* FirecrawlService.swift */,
				96C75DD8302CF371009FADE1 /* KeychainHelper.swift */,
			);
			path = Infrastructure;
			sourceTree = "<group>";
		};
		96C75DDF302CF371009FADE1 /* Resources */ = {
			isa = PBXGroup;
			children = (
				96C75DA6302A264A009FADE1 /* Assets.xcassets — app icon and accent color */,
				96C75DD5302A88BF009FADE1 /* uszips.json — ZIP code lookup database */,
				A10000130000000000000001 /* GeographyDataMetadata.json */,
			);
			path = Resources;
			sourceTree = "<group>";
		};
		A10000210000000000000001 /* Domain */ = {
			isa = PBXGroup;
			children = ( A10000220000000000000001 /* Models */, );
			path = Domain;
			sourceTree = "<group>";
		};
		A10000220000000000000001 /* Models */ = {
			isa = PBXGroup;
			children = ( A10000110000000000000001 /* Geography.swift */, A20000110000000000000001 /* Prospect.swift */, );
			path = Models;
			sourceTree = "<group>";
		};
		A10000230000000000000001 /* Geography */ = {
			isa = PBXGroup;
			children = ( A10000120000000000000001 /* BundledGeographyRepository.swift */, );
			path = Geography;
			sourceTree = "<group>";
		};
		A20000210000000000000001 /* Export */ = {
			isa = PBXGroup;
			children = ( A20000120000000000000001 /* CSVExporter.swift */, );
			path = Export;
			sourceTree = "<group>";
		};
		A20000220000000000000001 /* MapKit */ = {
			isa = PBXGroup;
			children = ( A20000130000000000000001 /* MapKitProspectAdapter.swift */, );
			path = MapKit;
			sourceTree = "<group>";
		};
		96C75DA8302A264A009FADE1 /* Preview Content */ = {
			isa = PBXGroup;
			children = (
				96C75DA9302A264A009FADE1 /* Preview Assets.xcassets */,
			);
			path = "Preview Content";
			sourceTree = "<group>";
		};
		96C75DB3302A264A009FADE1 /* FireProspectTests */ = {
			isa = PBXGroup;
			children = (
				96C75DB4302A264A009FADE1 /* FireProspectTests.swift */,
			);
			path = FireProspectTests;
			sourceTree = "<group>";
		};
		96C75DBD302A264A009FADE1 /* FireProspectUITests */ = {
			isa = PBXGroup;
			children = (
				96C75DBE302A264A009FADE1 /* FireProspectUITests.swift */,
				96C75DC0302A264A009FADE1 /* FireProspectUITestsLaunchTests.swift */,
			);
			path = FireProspectUITests;
			sourceTree = "<group>";
		};
/* End PBXGroup section */

/* Begin PBXNativeTarget section */
		96C75D9E302A2648009FADE1 /* FireProspect */ = {
			isa = PBXNativeTarget;
			buildConfigurationList = 96C75DC4302A264A009FADE1 /* Build configuration list for PBXNativeTarget "FireProspect" */;
			buildPhases = (
				96C75D9B302A2648009FADE1 /* Sources */,
				96C75D9C302A2648009FADE1 /* Frameworks */,
				96C75D9D302A2648009FADE1 /* Resources */,
			);
			buildRules = (
			);
			dependencies = (
			);
			packageProductDependencies = (
				A40000310000000000000001 /* MLXLLM */,
				A40000320000000000000001 /* MLXLMCommon */,
			);
			name = FireProspect;
			productName = FireProspect;
			productReference = 96C75D9F302A2648009FADE1 /* FireProspect.app */;
			productType = "com.apple.product-type.application";
		};
		96C75DAF302A264A009FADE1 /* FireProspectTests */ = {
			isa = PBXNativeTarget;
			buildConfigurationList = 96C75DC7302A264A009FADE1 /* Build configuration list for PBXNativeTarget "FireProspectTests" */;
			buildPhases = (
				96C75DAC302A264A009FADE1 /* Sources */,
				96C75DAD302A264A009FADE1 /* Frameworks */,
				96C75DAE302A264A009FADE1 /* Resources */,
			);
			buildRules = (
			);
			dependencies = (
				96C75DB2302A264A009FADE1 /* PBXTargetDependency */,
			);
			packageProductDependencies = ( /* No external Swift package dependencies. */
			);
			name = FireProspectTests;
			productName = FireProspectTests;
			productReference = 96C75DB0302A264A009FADE1 /* FireProspectTests.xctest */;
			productType = "com.apple.product-type.bundle.unit-test";
		};
		96C75DB9302A264A009FADE1 /* FireProspectUITests */ = {
			isa = PBXNativeTarget;
			buildConfigurationList = 96C75DCA302A264A009FADE1 /* Build configuration list for PBXNativeTarget "FireProspectUITests" */;
			buildPhases = (
				96C75DB6302A264A009FADE1 /* Sources */,
				96C75DB7302A264A009FADE1 /* Frameworks */,
				96C75DB8302A264A009FADE1 /* Resources */,
			);
			buildRules = (
			);
			dependencies = (
				96C75DBC302A264A009FADE1 /* PBXTargetDependency */,
			);
			packageProductDependencies = ( /* No external Swift package dependencies. */
			);
			name = FireProspectUITests;
			productName = FireProspectUITests;
			productReference = 96C75DBA302A264A009FADE1 /* FireProspectUITests.xctest */;
			productType = "com.apple.product-type.bundle.ui-testing";
		};
/* End PBXNativeTarget section */

/* Begin PBXProject section */
		96C75D97302A2648009FADE1 /* Project object */ = {
			isa = PBXProject;
			attributes = {
				BuildIndependentTargetsInParallel = 1;
				LastSwiftUpdateCheck = 1540;
				LastUpgradeCheck = 1540;
				TargetAttributes = {
					96C75D9E302A2648009FADE1 = {
						CreatedOnToolsVersion = 15.4;
					};
					96C75DAF302A264A009FADE1 = {
						CreatedOnToolsVersion = 15.4;
						TestTargetID = 96C75D9E302A2648009FADE1;
					};
					96C75DB9302A264A009FADE1 = {
						CreatedOnToolsVersion = 15.4;
						TestTargetID = 96C75D9E302A2648009FADE1;
					};
				};
			};
			buildConfigurationList = 96C75D9A302A2648009FADE1 /* Build configuration list for PBXProject "FireProspect" */;
			compatibilityVersion = "Xcode 14.0";
			developmentRegion = en;
			hasScannedForEncodings = 0;
			knownRegions = (
				en,
				Base,
			);
			mainGroup = 96C75D96302A2648009FADE1;
			productRefGroup = 96C75DA0302A2648009FADE1 /* Products */;
			packageReferences = (
				A40000210000000000000001 /* XCRemoteSwiftPackageReference "mlx-swift-examples" */,
			);
			projectDirPath = "";
			projectRoot = "";
			targets = (
				96C75D9E302A2648009FADE1 /* FireProspect */,
				96C75DAF302A264A009FADE1 /* FireProspectTests */,
				96C75DB9302A264A009FADE1 /* FireProspectUITests */,
			);
		};
/* End PBXProject section */

/* Begin PBXResourcesBuildPhase section */
		96C75D9D302A2648009FADE1 /* Resources */ = {
			isa = PBXResourcesBuildPhase;
			buildActionMask = 2147483647;
			files = (
				96C75DD6302A88C0009FADE1 /* uszips.json in Resources — ZIP code lookup database */,
				A10000030000000000000001 /* GeographyDataMetadata.json in Resources */,
				96C75DA7302A264A009FADE1 /* Assets.xcassets in Resources — app icon and accent color */,
			);
			runOnlyForDeploymentPostprocessing = 0;
		};
		96C75DAE302A264A009FADE1 /* Resources */ = {
			isa = PBXResourcesBuildPhase;
			buildActionMask = 2147483647;
			files = (
			);
			runOnlyForDeploymentPostprocessing = 0;
		};
		96C75DB8302A264A009FADE1 /* Resources */ = {
			isa = PBXResourcesBuildPhase;
			buildActionMask = 2147483647;
			files = (
			);
			runOnlyForDeploymentPostprocessing = 0;
		};
/* End PBXResourcesBuildPhase section */

/* Begin PBXSourcesBuildPhase section */
		96C75D9B302A2648009FADE1 /* Sources */ = {
			isa = PBXSourcesBuildPhase;
			buildActionMask = 2147483647;
			files = (
				96C75DA5302A2648009FADE1 /* ContentView.swift in Sources */,
				96C75DDA302CF371009FADE1 /* KeychainHelper.swift in Sources */,
				96C75DD9302CF371009FADE1 /* FirecrawlService.swift in Sources */,
				96C75DD0302A2779009FADE1 /* MapKitSearchService.swift in Sources */,
				A30000010000000000000001 /* LocalModelService.swift in Sources */,
				A40000010000000000000001 /* LocalModelSetupWizard.swift in Sources */,
				A30000020000000000000001 /* SiteEnrichmentService.swift in Sources */,
				A30000030000000000000001 /* TeamPagePersonnelParser.swift in Sources */,
				A30000040000000000000001 /* SiteEmailPolicy.swift in Sources */,
				96C75DA3302A2648009FADE1 /* FireProspectApp.swift in Sources */,
				A10000010000000000000001 /* Geography.swift in Sources */,
				A10000020000000000000001 /* BundledGeographyRepository.swift in Sources */,
				A20000010000000000000001 /* Prospect.swift in Sources */,
				A20000020000000000000001 /* CSVExporter.swift in Sources */,
				A20000030000000000000001 /* MapKitProspectAdapter.swift in Sources */,
			);
			runOnlyForDeploymentPostprocessing = 0;
		};
		96C75DAC302A264A009FADE1 /* Sources */ = {
			isa = PBXSourcesBuildPhase;
			buildActionMask = 2147483647;
			files = (
				96C75DB5302A264A009FADE1 /* FireProspectTests.swift in Sources */,
			);
			runOnlyForDeploymentPostprocessing = 0;
		};
		96C75DB6302A264A009FADE1 /* Sources */ = {
			isa = PBXSourcesBuildPhase;
			buildActionMask = 2147483647;
			files = (
				96C75DBF302A264A009FADE1 /* FireProspectUITests.swift in Sources */,
				96C75DC1302A264A009FADE1 /* FireProspectUITestsLaunchTests.swift in Sources */,
			);
			runOnlyForDeploymentPostprocessing = 0;
		};
/* End PBXSourcesBuildPhase section */

/* Begin PBXTargetDependency section */
		96C75DB2302A264A009FADE1 /* PBXTargetDependency */ = {
			isa = PBXTargetDependency;
			target = 96C75D9E302A2648009FADE1 /* FireProspect */;
			targetProxy = 96C75DB1302A264A009FADE1 /* PBXContainerItemProxy */;
		};
		96C75DBC302A264A009FADE1 /* PBXTargetDependency */ = {
			isa = PBXTargetDependency;
			target = 96C75D9E302A2648009FADE1 /* FireProspect */;
			targetProxy = 96C75DBB302A264A009FADE1 /* PBXContainerItemProxy */;
		};
/* End PBXTargetDependency section */

/* Begin XCRemoteSwiftPackageReference section */
		A40000210000000000000001 /* XCRemoteSwiftPackageReference "mlx-swift-examples" */ = {
			isa = XCRemoteSwiftPackageReference;
			repositoryURL = "https://github.com/ml-explore/mlx-swift-examples";
			requirement = {
				kind = upToNextMajorVersion;
				minimumVersion = 2.21.2;
			};
		};
/* End XCRemoteSwiftPackageReference section */

/* Begin XCSwiftPackageProductDependency section */
		A40000310000000000000001 /* MLXLLM */ = {
			isa = XCSwiftPackageProductDependency;
			package = A40000210000000000000001 /* XCRemoteSwiftPackageReference "mlx-swift-examples" */;
			productName = MLXLLM;
		};
		A40000320000000000000001 /* MLXLMCommon */ = {
			isa = XCSwiftPackageProductDependency;
			package = A40000210000000000000001 /* XCRemoteSwiftPackageReference "mlx-swift-examples" */;
			productName = MLXLMCommon;
		};
/* End XCSwiftPackageProductDependency section */

/* Begin XCBuildConfiguration section */
		96C75DC2302A264A009FADE1 /* Debug */ = {
			isa = XCBuildConfiguration;
			buildSettings = {
				ALWAYS_SEARCH_USER_PATHS = NO;
				ASSETCATALOG_COMPILER_GENERATE_SWIFT_ASSET_SYMBOL_EXTENSIONS = YES;
				CLANG_ANALYZER_NONNULL = YES;
				CLANG_ANALYZER_NUMBER_OBJECT_CONVERSION = YES_AGGRESSIVE;
				CLANG_CXX_LANGUAGE_STANDARD = "gnu++20";
				CLANG_ENABLE_MODULES = YES;
				CLANG_ENABLE_OBJC_ARC = YES;
				CLANG_ENABLE_OBJC_WEAK = YES;
				CLANG_WARN_BLOCK_CAPTURE_AUTORELEASING = YES;
				CLANG_WARN_BOOL_CONVERSION = YES;
				CLANG_WARN_COMMA = YES;
				CLANG_WARN_CONSTANT_CONVERSION = YES;
				CLANG_WARN_DEPRECATED_OBJC_IMPLEMENTATIONS = YES;
				CLANG_WARN_DIRECT_OBJC_ISA_USAGE = YES_ERROR;
				CLANG_WARN_DOCUMENTATION_COMMENTS = YES;
				CLANG_WARN_EMPTY_BODY = YES;
				CLANG_WARN_ENUM_CONVERSION = YES;
				CLANG_WARN_INFINITE_RECURSION = YES;
				CLANG_WARN_INT_CONVERSION = YES;
				CLANG_WARN_NON_LITERAL_NULL_CONVERSION = YES;
				CLANG_WARN_OBJC_IMPLICIT_RETAIN_SELF = YES;
				CLANG_WARN_OBJC_LITERAL_CONVERSION = YES;
				CLANG_WARN_OBJC_ROOT_CLASS = YES_ERROR;
				CLANG_WARN_QUOTED_INCLUDE_IN_FRAMEWORK_HEADER = YES;
				CLANG_WARN_RANGE_LOOP_ANALYSIS = YES;
				CLANG_WARN_STRICT_PROTOTYPES = YES;
				CLANG_WARN_SUSPICIOUS_MOVE = YES;
				CLANG_WARN_UNGUARDED_AVAILABILITY = YES_AGGRESSIVE;
				CLANG_WARN_UNREACHABLE_CODE = YES;
				CLANG_WARN__DUPLICATE_METHOD_MATCH = YES;
				COPY_PHASE_STRIP = NO;
				DEBUG_INFORMATION_FORMAT = dwarf;
				ENABLE_STRICT_OBJC_MSGSEND = YES;
				ENABLE_TESTABILITY = YES;
				ENABLE_USER_SCRIPT_SANDBOXING = YES;
				GCC_C_LANGUAGE_STANDARD = gnu17;
				GCC_DYNAMIC_NO_PIC = NO;
				GCC_NO_COMMON_BLOCKS = YES;
				GCC_OPTIMIZATION_LEVEL = 0;
				GCC_PREPROCESSOR_DEFINITIONS = (
					"DEBUG=1",
					"$(inherited)",
				);
				GCC_WARN_64_TO_32_BIT_CONVERSION = YES;
				GCC_WARN_ABOUT_RETURN_TYPE = YES_ERROR;
				GCC_WARN_UNDECLARED_SELECTOR = YES;
				GCC_WARN_UNINITIALIZED_AUTOS = YES_AGGRESSIVE;
				GCC_WARN_UNUSED_FUNCTION = YES;
				GCC_WARN_UNUSED_VARIABLE = YES;
				LOCALIZATION_PREFERS_STRING_CATALOGS = YES;
				MACOSX_DEPLOYMENT_TARGET = 14.4;
				MTL_ENABLE_DEBUG_INFO = INCLUDE_SOURCE;
				MTL_FAST_MATH = YES;
				ONLY_ACTIVE_ARCH = YES;
				SDKROOT = macosx;
				SWIFT_ACTIVE_COMPILATION_CONDITIONS = "DEBUG $(inherited)";
				SWIFT_OPTIMIZATION_LEVEL = "-Onone";
			};
			name = Debug;
		};
		96C75DC3302A264A009FADE1 /* Release */ = {
			isa = XCBuildConfiguration;
			buildSettings = {
				ALWAYS_SEARCH_USER_PATHS = NO;
				ASSETCATALOG_COMPILER_GENERATE_SWIFT_ASSET_SYMBOL_EXTENSIONS = YES;
				CLANG_ANALYZER_NONNULL = YES;
				CLANG_ANALYZER_NUMBER_OBJECT_CONVERSION = YES_AGGRESSIVE;
				CLANG_CXX_LANGUAGE_STANDARD = "gnu++20";
				CLANG_ENABLE_MODULES = YES;
				CLANG_ENABLE_OBJC_ARC = YES;
				CLANG_ENABLE_OBJC_WEAK = YES;
				CLANG_WARN_BLOCK_CAPTURE_AUTORELEASING = YES;
				CLANG_WARN_BOOL_CONVERSION = YES;
				CLANG_WARN_COMMA = YES;
				CLANG_WARN_CONSTANT_CONVERSION = YES;
				CLANG_WARN_DEPRECATED_OBJC_IMPLEMENTATIONS = YES;
				CLANG_WARN_DIRECT_OBJC_ISA_USAGE = YES_ERROR;
				CLANG_WARN_DOCUMENTATION_COMMENTS = YES;
				CLANG_WARN_EMPTY_BODY = YES;
				CLANG_WARN_ENUM_CONVERSION = YES;
				CLANG_WARN_INFINITE_RECURSION = YES;
				CLANG_WARN_INT_CONVERSION = YES;
				CLANG_WARN_NON_LITERAL_NULL_CONVERSION = YES;
				CLANG_WARN_OBJC_IMPLICIT_RETAIN_SELF = YES;
				CLANG_WARN_OBJC_LITERAL_CONVERSION = YES;
				CLANG_WARN_OBJC_ROOT_CLASS = YES_ERROR;
				CLANG_WARN_QUOTED_INCLUDE_IN_FRAMEWORK_HEADER = YES;
				CLANG_WARN_RANGE_LOOP_ANALYSIS = YES;
				CLANG_WARN_STRICT_PROTOTYPES = YES;
				CLANG_WARN_SUSPICIOUS_MOVE = YES;
				CLANG_WARN_UNGUARDED_AVAILABILITY = YES_AGGRESSIVE;
				CLANG_WARN_UNREACHABLE_CODE = YES;
				CLANG_WARN__DUPLICATE_METHOD_MATCH = YES;
				COPY_PHASE_STRIP = NO;
				DEBUG_INFORMATION_FORMAT = "dwarf-with-dsym";
				ENABLE_NS_ASSERTIONS = NO;
				ENABLE_STRICT_OBJC_MSGSEND = YES;
				ENABLE_USER_SCRIPT_SANDBOXING = YES;
				GCC_C_LANGUAGE_STANDARD = gnu17;
				GCC_NO_COMMON_BLOCKS = YES;
				GCC_WARN_64_TO_32_BIT_CONVERSION = YES;
				GCC_WARN_ABOUT_RETURN_TYPE = YES_ERROR;
				GCC_WARN_UNDECLARED_SELECTOR = YES;
				GCC_WARN_UNINITIALIZED_AUTOS = YES_AGGRESSIVE;
				GCC_WARN_UNUSED_FUNCTION = YES;
				GCC_WARN_UNUSED_VARIABLE = YES;
				LOCALIZATION_PREFERS_STRING_CATALOGS = YES;
				MACOSX_DEPLOYMENT_TARGET = 14.4;
				MTL_ENABLE_DEBUG_INFO = NO;
				MTL_FAST_MATH = YES;
				SDKROOT = macosx;
				SWIFT_COMPILATION_MODE = wholemodule;
			};
			name = Release;
		};
		96C75DC5302A264A009FADE1 /* Debug */ = {
			isa = XCBuildConfiguration;
			buildSettings = {
				ASSETCATALOG_COMPILER_APPICON_NAME = AppIcon;
				ASSETCATALOG_COMPILER_GLOBAL_ACCENT_COLOR_NAME = AccentColor;
				CODE_SIGN_ENTITLEMENTS = "FireProspect/FireProspect-Debug.entitlements";
				CODE_SIGN_STYLE = Automatic;
				COMBINE_HIDPI_IMAGES = YES;
				CURRENT_PROJECT_VERSION = 1;
				DEVELOPMENT_ASSET_PATHS = "\"FireProspect/Preview Content\"";
				ENABLE_PREVIEWS = YES;
				GENERATE_INFOPLIST_FILE = YES;
				INFOPLIST_KEY_NSAppTransportSecurity_NSAllowsArbitraryLoads = YES;
				INFOPLIST_KEY_NSHumanReadableCopyright = "";
				LD_RUNPATH_SEARCH_PATHS = (
					"$(inherited)",
					"@executable_path/../Frameworks",
				);
				MARKETING_VERSION = 1.0;
				PRODUCT_BUNDLE_IDENTIFIER = com.knnymck.FireProspect;
				PRODUCT_NAME = "$(TARGET_NAME)";
				SWIFT_EMIT_LOC_STRINGS = YES;
				SWIFT_VERSION = 5.0;
			};
			name = Debug;
		};
		96C75DC6302A264A009FADE1 /* Release */ = {
			isa = XCBuildConfiguration;
			buildSettings = {
				ASSETCATALOG_COMPILER_APPICON_NAME = AppIcon;
				ASSETCATALOG_COMPILER_GLOBAL_ACCENT_COLOR_NAME = AccentColor;
				CODE_SIGN_ENTITLEMENTS = FireProspect/FireProspect.entitlements;
				CODE_SIGN_STYLE = Automatic;
				COMBINE_HIDPI_IMAGES = YES;
				CURRENT_PROJECT_VERSION = 1;
				ENABLE_PREVIEWS = YES;
				GENERATE_INFOPLIST_FILE = YES;
				INFOPLIST_KEY_NSAppTransportSecurity_NSAllowsArbitraryLoads = YES;
				INFOPLIST_KEY_NSHumanReadableCopyright = "";
				LD_RUNPATH_SEARCH_PATHS = (
					"$(inherited)",
					"@executable_path/../Frameworks",
				);
				MARKETING_VERSION = 1.0;
				PRODUCT_BUNDLE_IDENTIFIER = com.knnymck.FireProspect;
				PRODUCT_NAME = "$(TARGET_NAME)";
				SWIFT_EMIT_LOC_STRINGS = YES;
				SWIFT_VERSION = 5.0;
			};
			name = Release;
		};
		96C75DC8302A264A009FADE1 /* Debug */ = {
			isa = XCBuildConfiguration;
			buildSettings = {
				ALWAYS_EMBED_SWIFT_STANDARD_LIBRARIES = YES;
				BUNDLE_LOADER = "$(TEST_HOST)";
				CODE_SIGN_STYLE = Automatic;
				CURRENT_PROJECT_VERSION = 1;
				GENERATE_INFOPLIST_FILE = YES;
				MACOSX_DEPLOYMENT_TARGET = 14.4;
				MARKETING_VERSION = 1.0;
				PRODUCT_BUNDLE_IDENTIFIER = com.knnymck.FireProspectTests;
				PRODUCT_NAME = "$(TARGET_NAME)";
				SWIFT_EMIT_LOC_STRINGS = NO;
				SWIFT_VERSION = 5.0;
				TEST_HOST = "$(BUILT_PRODUCTS_DIR)/FireProspect.app/$(BUNDLE_EXECUTABLE_FOLDER_PATH)/FireProspect";
			};
			name = Debug;
		};
		96C75DC9302A264A009FADE1 /* Release */ = {
			isa = XCBuildConfiguration;
			buildSettings = {
				ALWAYS_EMBED_SWIFT_STANDARD_LIBRARIES = YES;
				BUNDLE_LOADER = "$(TEST_HOST)";
				CODE_SIGN_STYLE = Automatic;
				CURRENT_PROJECT_VERSION = 1;
				GENERATE_INFOPLIST_FILE = YES;
				MACOSX_DEPLOYMENT_TARGET = 14.4;
				MARKETING_VERSION = 1.0;
				PRODUCT_BUNDLE_IDENTIFIER = com.knnymck.FireProspectTests;
				PRODUCT_NAME = "$(TARGET_NAME)";
				SWIFT_EMIT_LOC_STRINGS = NO;
				SWIFT_VERSION = 5.0;
				TEST_HOST = "$(BUILT_PRODUCTS_DIR)/FireProspect.app/$(BUNDLE_EXECUTABLE_FOLDER_PATH)/FireProspect";
			};
			name = Release;
		};
		96C75DCB302A264A009FADE1 /* Debug */ = {
			isa = XCBuildConfiguration;
			buildSettings = {
				ALWAYS_EMBED_SWIFT_STANDARD_LIBRARIES = YES;
				CODE_SIGN_STYLE = Automatic;
				CURRENT_PROJECT_VERSION = 1;
				GENERATE_INFOPLIST_FILE = YES;
				MARKETING_VERSION = 1.0;
				PRODUCT_BUNDLE_IDENTIFIER = com.knnymck.FireProspectUITests;
				PRODUCT_NAME = "$(TARGET_NAME)";
				SWIFT_EMIT_LOC_STRINGS = NO;
				SWIFT_VERSION = 5.0;
				TEST_TARGET_NAME = FireProspect;
			};
			name = Debug;
		};
		96C75DCC302A264A009FADE1 /* Release */ = {
			isa = XCBuildConfiguration;
			buildSettings = {
				ALWAYS_EMBED_SWIFT_STANDARD_LIBRARIES = YES;
				CODE_SIGN_STYLE = Automatic;
				CURRENT_PROJECT_VERSION = 1;
				GENERATE_INFOPLIST_FILE = YES;
				MARKETING_VERSION = 1.0;
				PRODUCT_BUNDLE_IDENTIFIER = com.knnymck.FireProspectUITests;
				PRODUCT_NAME = "$(TARGET_NAME)";
				SWIFT_EMIT_LOC_STRINGS = NO;
				SWIFT_VERSION = 5.0;
				TEST_TARGET_NAME = FireProspect;
			};
			name = Release;
		};
/* End XCBuildConfiguration section */

/* Begin XCConfigurationList section */
		96C75D9A302A2648009FADE1 /* Build configuration list for PBXProject "FireProspect" */ = {
			isa = XCConfigurationList;
			buildConfigurations = (
				96C75DC2302A264A009FADE1 /* Debug */,
				96C75DC3302A264A009FADE1 /* Release */,
			);
			defaultConfigurationIsVisible = 0;
			defaultConfigurationName = Release;
		};
		96C75DC4302A264A009FADE1 /* Build configuration list for PBXNativeTarget "FireProspect" */ = {
			isa = XCConfigurationList;
			buildConfigurations = (
				96C75DC5302A264A009FADE1 /* Debug */,
				96C75DC6302A264A009FADE1 /* Release */,
			);
			defaultConfigurationIsVisible = 0;
			defaultConfigurationName = Release;
		};
		96C75DC7302A264A009FADE1 /* Build configuration list for PBXNativeTarget "FireProspectTests" */ = {
			isa = XCConfigurationList;
			buildConfigurations = (
				96C75DC8302A264A009FADE1 /* Debug */,
				96C75DC9302A264A009FADE1 /* Release */,
			);
			defaultConfigurationIsVisible = 0;
			defaultConfigurationName = Release;
		};
		96C75DCA302A264A009FADE1 /* Build configuration list for PBXNativeTarget "FireProspectUITests" */ = {
			isa = XCConfigurationList;
			buildConfigurations = (
				96C75DCB302A264A009FADE1 /* Debug */,
				96C75DCC302A264A009FADE1 /* Release */,
			);
			defaultConfigurationIsVisible = 0;
			defaultConfigurationName = Release;
		};
/* End XCConfigurationList section */
	};
	rootObject = 96C75D97302A2648009FADE1 /* Project object */;
}
