// !$*UTF8*$!
{
	archiveVersion = 1;
	classes = {
	};
	objectVersion = 56;
	objects = {

/* Begin PBXBuildFile section */
		96C75DA3302A2648009FADE1 /* ProspectorApp.swift in Sources */ = {isa = PBXBuildFile; fileRef = 96C75DA2302A2648009FADE1 /* ProspectorApp.swift */; };
		96C75DA5302A2648009FADE1 /* ContentView.swift in Sources */ = {isa = PBXBuildFile; fileRef = 96C75DA4302A2648009FADE1 /* ContentView.swift */; };
		96C75DA7302A264A009FADE1 /* Assets.xcassets in Resources */ = {isa = PBXBuildFile; fileRef = 96C75DA6302A264A009FADE1 /* Assets.xcassets */; };
		96C75DAA302A264A009FADE1 /* Preview Assets.xcassets in Resources */ = {isa = PBXBuildFile; fileRef = 96C75DA9302A264A009FADE1 /* Preview Assets.xcassets */; };
		96C75DB5302A264A009FADE1 /* ProspectorTests.swift in Sources */ = {isa = PBXBuildFile; fileRef = 96C75DB4302A264A009FADE1 /* ProspectorTests.swift */; };
		96C75DBF302A264A009FADE1 /* ProspectorUITests.swift in Sources */ = {isa = PBXBuildFile; fileRef = 96C75DBE302A264A009FADE1 /* ProspectorUITests.swift */; };
		96C75DC1302A264A009FADE1 /* ProspectorUITestsLaunchTests.swift in Sources */ = {isa = PBXBuildFile; fileRef = 96C75DC0302A264A009FADE1 /* ProspectorUITestsLaunchTests.swift */; };
		96C75DCE302A2728009FADE1 /* ZipcodeDatabase.swift in Sources */ = {isa = PBXBuildFile; fileRef = 96C75DCD302A2728009FADE1 /* ZipcodeDatabase.swift */; };
		96C75DD0302A2779009FADE1 /* MapKitSearchService.swift in Sources */ = {isa = PBXBuildFile; fileRef = 96C75DCF302A2779009FADE1 /* MapKitSearchService.swift */; };
		96C75DD6302A88C0009FADE1 /* uszips.json in Resources */ = {isa = PBXBuildFile; fileRef = 96C75DD5302A88BF009FADE1 /* uszips.json */; };
		96C75DD9302CF371009FADE1 /* FirecrawlService.swift in Sources */ = {isa = PBXBuildFile; fileRef = 96C75DD7302CF371009FADE1 /* FirecrawlService.swift */; };
		96C75DDA302CF371009FADE1 /* KeychainHelper.swift in Sources */ = {isa = PBXBuildFile; fileRef = 96C75DD8302CF371009FADE1 /* KeychainHelper.swift */; };
/* End PBXBuildFile section */

/* Begin PBXContainerItemProxy section */
		96C75DB1302A264A009FADE1 /* PBXContainerItemProxy */ = {
			isa = PBXContainerItemProxy;
			containerPortal = 96C75D97302A2648009FADE1 /* Project object */;
			proxyType = 1;
			remoteGlobalIDString = 96C75D9E302A2648009FADE1;
			remoteInfo = Propsector;
		};
		96C75DBB302A264A009FADE1 /* PBXContainerItemProxy */ = {
			isa = PBXContainerItemProxy;
			containerPortal = 96C75D97302A2648009FADE1 /* Project object */;
			proxyType = 1;
			remoteGlobalIDString = 96C75D9E302A2648009FADE1;
			remoteInfo = Propsector;
		};
/* End PBXContainerItemProxy section */

/* Begin PBXFileReference section */
		96C75D9F302A2648009FADE1 /* Prospector.app */ = {isa = PBXFileReference; explicitFileType = wrapper.application; includeInIndex = 0; path = Prospector.app; sourceTree = BUILT_PRODUCTS_DIR; };
		96C75DA2302A2648009FADE1 /* ProspectorApp.swift */ = {isa = PBXFileReference; lastKnownFileType = sourcecode.swift; path = ProspectorApp.swift; sourceTree = "<group>"; };
		96C75DA4302A2648009FADE1 /* ContentView.swift */ = {isa = PBXFileReference; lastKnownFileType = sourcecode.swift; path = ContentView.swift; sourceTree = "<group>"; };
		96C75DA6302A264A009FADE1 /* Assets.xcassets */ = {isa = PBXFileReference; lastKnownFileType = folder.assetcatalog; path = Assets.xcassets; sourceTree = "<group>"; };
		96C75DA9302A264A009FADE1 /* Preview Assets.xcassets */ = {isa = PBXFileReference; lastKnownFileType = folder.assetcatalog; path = "Preview Assets.xcassets"; sourceTree = "<group>"; };
		96C75DB0302A264A009FADE1 /* ProspectorTests.xctest */ = {isa = PBXFileReference; explicitFileType = wrapper.cfbundle; includeInIndex = 0; path = ProspectorTests.xctest; sourceTree = BUILT_PRODUCTS_DIR; };
		96C75DB4302A264A009FADE1 /* ProspectorTests.swift */ = {isa = PBXFileReference; lastKnownFileType = sourcecode.swift; path = ProspectorTests.swift; sourceTree = "<group>"; };
		96C75DBA302A264A009FADE1 /* ProspectorUITests.xctest */ = {isa = PBXFileReference; explicitFileType = wrapper.cfbundle; includeInIndex = 0; path = ProspectorUITests.xctest; sourceTree = BUILT_PRODUCTS_DIR; };
		96C75DBE302A264A009FADE1 /* ProspectorUITests.swift */ = {isa = PBXFileReference; lastKnownFileType = sourcecode.swift; path = ProspectorUITests.swift; sourceTree = "<group>"; };
		96C75DC0302A264A009FADE1 /* ProspectorUITestsLaunchTests.swift */ = {isa = PBXFileReference; lastKnownFileType = sourcecode.swift; path = ProspectorUITestsLaunchTests.swift; sourceTree = "<group>"; };
		96C75DCD302A2728009FADE1 /* ZipcodeDatabase.swift */ = {isa = PBXFileReference; lastKnownFileType = sourcecode.swift; path = ZipcodeDatabase.swift; sourceTree = "<group>"; };
		96C75DCF302A2779009FADE1 /* MapKitSearchService.swift */ = {isa = PBXFileReference; lastKnownFileType = sourcecode.swift; path = MapKitSearchService.swift; sourceTree = "<group>"; };
		96C75DD5302A88BF009FADE1 /* uszips.json */ = {isa = PBXFileReference; fileEncoding = 4; lastKnownFileType = text.json; path = uszips.json; sourceTree = "<group>"; };
		96C75DD7302CF371009FADE1 /* FirecrawlService.swift */ = {isa = PBXFileReference; fileEncoding = 4; lastKnownFileType = sourcecode.swift; path = FirecrawlService.swift; sourceTree = "<group>"; };
		96C75DD8302CF371009FADE1 /* KeychainHelper.swift */ = {isa = PBXFileReference; fileEncoding = 4; lastKnownFileType = sourcecode.swift; path = KeychainHelper.swift; sourceTree = "<group>"; };
/* End PBXFileReference section */

/* Begin PBXFrameworksBuildPhase section */
		96C75D9C302A2648009FADE1 /* Frameworks */ = {
			isa = PBXFrameworksBuildPhase;
			buildActionMask = 2147483647;
			files = (
			);
			runOnlyForDeploymentPostprocessing = 0;
		};
		96C75DAD302A264A009FADE1 /* Frameworks */ = {
			isa = PBXFrameworksBuildPhase;
			buildActionMask = 2147483647;
			files = (
			);
			runOnlyForDeploymentPostprocessing = 0;
		};
		96C75DB7302A264A009FADE1 /* Frameworks */ = {
			isa = PBXFrameworksBuildPhase;
			buildActionMask = 2147483647;
			files = (
			);
			runOnlyForDeploymentPostprocessing = 0;
		};
/* End PBXFrameworksBuildPhase section */

/* Begin PBXGroup section */
		96C75D96302A2648009FADE1 = {
			isa = PBXGroup;
			children = (
				96C75DD5302A88BF009FADE1 /* uszips.json */,
				96C75DD7302CF371009FADE1 /* FirecrawlService.swift */,
				96C75DD8302CF371009FADE1 /* KeychainHelper.swift */,
				96C75DA1302A2648009FADE1 /* Prospector */,
				96C75DB3302A264A009FADE1 /* ProspectorTests */,
				96C75DBD302A264A009FADE1 /* ProspectorUITests */,
				96C75DA0302A2648009FADE1 /* Products */,
			);
			sourceTree = "<group>";
		};
		96C75DA0302A2648009FADE1 /* Products */ = {
			isa = PBXGroup;
			children = (
				96C75D9F302A2648009FADE1 /* Prospector.app */,
				96C75DB0302A264A009FADE1 /* ProspectorTests.xctest */,
				96C75DBA302A264A009FADE1 /* ProspectorUITests.xctest */,
			);
			name = Products;
			sourceTree = "<group>";
		};
		96C75DA1302A2648009FADE1 /* Prospector */ = {
			isa = PBXGroup;
			children = (
				96C75DA2302A2648009FADE1 /* ProspectorApp.swift */,
				96C75DA4302A2648009FADE1 /* ContentView.swift */,
				96C75DCD302A2728009FADE1 /* ZipcodeDatabase.swift */,
				96C75DCF302A2779009FADE1 /* MapKitSearchService.swift */,
				96C75DA6302A264A009FADE1 /* Assets.xcassets */,
				96C75DA8302A264A009FADE1 /* Preview Content */,
			);
			path = Prospector;
			sourceTree = "<group>";
		};
		96C75DA8302A264A009FADE1 /* Preview Content */ = {
			isa = PBXGroup;
			children = (
				96C75DA9302A264A009FADE1 /* Preview Assets.xcassets */,
			);
			path = "Preview Content";
			sourceTree = "<group>";
		};
		96C75DB3302A264A009FADE1 /* ProspectorTests */ = {
			isa = PBXGroup;
			children = (
				96C75DB4302A264A009FADE1 /* ProspectorTests.swift */,
			);
			path = ProspectorTests;
			sourceTree = "<group>";
		};
		96C75DBD302A264A009FADE1 /* ProspectorUITests */ = {
			isa = PBXGroup;
			children = (
				96C75DBE302A264A009FADE1 /* ProspectorUITests.swift */,
				96C75DC0302A264A009FADE1 /* ProspectorUITestsLaunchTests.swift */,
			);
			path = ProspectorUITests;
			sourceTree = "<group>";
		};
/* End PBXGroup section */

/* Begin PBXNativeTarget section */
		96C75D9E302A2648009FADE1 /* Prospector */ = {
			isa = PBXNativeTarget;
			buildConfigurationList = 96C75DC4302A264A009FADE1 /* Build configuration list for PBXNativeTarget "Prospector" */;
			buildPhases = (
				96C75D9B302A2648009FADE1 /* Sources */,
				96C75D9C302A2648009FADE1 /* Frameworks */,
				96C75D9D302A2648009FADE1 /* Resources */,
			);
			buildRules = (
			);
			dependencies = (
			);
			name = Prospector;
			productName = Propsector;
			productReference = 96C75D9F302A2648009FADE1 /* Prospector.app */;
			productType = "com.apple.product-type.application";
		};
		96C75DAF302A264A009FADE1 /* ProspectorTests */ = {
			isa = PBXNativeTarget;
			buildConfigurationList = 96C75DC7302A264A009FADE1 /* Build configuration list for PBXNativeTarget "ProspectorTests" */;
			buildPhases = (
				96C75DAC302A264A009FADE1 /* Sources */,
				96C75DAD302A264A009FADE1 /* Frameworks */,
				96C75DAE302A264A009FADE1 /* Resources */,
			);
			buildRules = (
			);
			dependencies = (
				96C75DB2302A264A009FADE1 /* PBXTargetDependency */,
			);
			name = ProspectorTests;
			productName = PropsectorTests;
			productReference = 96C75DB0302A264A009FADE1 /* ProspectorTests.xctest */;
			productType = "com.apple.product-type.bundle.unit-test";
		};
		96C75DB9302A264A009FADE1 /* ProspectorUITests */ = {
			isa = PBXNativeTarget;
			buildConfigurationList = 96C75DCA302A264A009FADE1 /* Build configuration list for PBXNativeTarget "ProspectorUITests" */;
			buildPhases = (
				96C75DB6302A264A009FADE1 /* Sources */,
				96C75DB7302A264A009FADE1 /* Frameworks */,
				96C75DB8302A264A009FADE1 /* Resources */,
			);
			buildRules = (
			);
			dependencies = (
				96C75DBC302A264A009FADE1 /* PBXTargetDependency */,
			);
			name = ProspectorUITests;
			productName = PropsectorUITests;
			productReference = 96C75DBA302A264A009FADE1 /* ProspectorUITests.xctest */;
			productType = "com.apple.product-type.bundle.ui-testing";
		};
/* End PBXNativeTarget section */

/* Begin PBXProject section */
		96C75D97302A2648009FADE1 /* Project object */ = {
			isa = PBXProject;
			attributes = {
				BuildIndependentTargetsInParallel = 1;
				LastSwiftUpdateCheck = 1540;
				LastUpgradeCheck = 1540;
				TargetAttributes = {
					96C75D9E302A2648009FADE1 = {
						CreatedOnToolsVersion = 15.4;
					};
					96C75DAF302A264A009FADE1 = {
						CreatedOnToolsVersion = 15.4;
						TestTargetID = 96C75D9E302A2648009FADE1;
					};
					96C75DB9302A264A009FADE1 = {
						CreatedOnToolsVersion = 15.4;
						TestTargetID = 96C75D9E302A2648009FADE1;
					};
				};
			};
			buildConfigurationList = 96C75D9A302A2648009FADE1 /* Build configuration list for PBXProject "Prospector" */;
			compatibilityVersion = "Xcode 14.0";
			developmentRegion = en;
			hasScannedForEncodings = 0;
			knownRegions = (
				en,
				Base,
			);
			mainGroup = 96C75D96302A2648009FADE1;
			productRefGroup = 96C75DA0302A2648009FADE1 /* Products */;
			projectDirPath = "";
			projectRoot = "";
			targets = (
				96C75D9E302A2648009FADE1 /* Prospector */,
				96C75DAF302A264A009FADE1 /* ProspectorTests */,
				96C75DB9302A264A009FADE1 /* ProspectorUITests */,
			);
		};
/* End PBXProject section */

/* Begin PBXResourcesBuildPhase section */
		96C75D9D302A2648009FADE1 /* Resources */ = {
			isa = PBXResourcesBuildPhase;
			buildActionMask = 2147483647;
			files = (
				96C75DD6302A88C0009FADE1 /* uszips.json in Resources */,
				96C75DAA302A264A009FADE1 /* Preview Assets.xcassets in Resources */,
				96C75DA7302A264A009FADE1 /* Assets.xcassets in Resources */,
			);
			runOnlyForDeploymentPostprocessing = 0;
		};
		96C75DAE302A264A009FADE1 /* Resources */ = {
			isa = PBXResourcesBuildPhase;
			buildActionMask = 2147483647;
			files = (
			);
			runOnlyForDeploymentPostprocessing = 0;
		};
		96C75DB8302A264A009FADE1 /* Resources */ = {
			isa = PBXResourcesBuildPhase;
			buildActionMask = 2147483647;
			files = (
			);
			runOnlyForDeploymentPostprocessing = 0;
		};
/* End PBXResourcesBuildPhase section */

/* Begin PBXSourcesBuildPhase section */
		96C75D9B302A2648009FADE1 /* Sources */ = {
			isa = PBXSourcesBuildPhase;
			buildActionMask = 2147483647;
			files = (
				96C75DA5302A2648009FADE1 /* ContentView.swift in Sources */,
				96C75DDA302CF371009FADE1 /* KeychainHelper.swift in Sources */,
				96C75DD9302CF371009FADE1 /* FirecrawlService.swift in Sources */,
				96C75DD0302A2779009FADE1 /* MapKitSearchService.swift in Sources */,
				96C75DA3302A2648009FADE1 /* ProspectorApp.swift in Sources */,
				96C75DCE302A2728009FADE1 /* ZipcodeDatabase.swift in Sources */,
			);
			runOnlyForDeploymentPostprocessing = 0;
		};
		96C75DAC302A264A009FADE1 /* Sources */ = {
			isa = PBXSourcesBuildPhase;
			buildActionMask = 2147483647;
			files = (
				96C75DB5302A264A009FADE1 /* ProspectorTests.swift in Sources */,
			);
			runOnlyForDeploymentPostprocessing = 0;
		};
		96C75DB6302A264A009FADE1 /* Sources */ = {
			isa = PBXSourcesBuildPhase;
			buildActionMask = 2147483647;
			files = (
				96C75DBF302A264A009FADE1 /* ProspectorUITests.swift in Sources */,
				96C75DC1302A264A009FADE1 /* ProspectorUITestsLaunchTests.swift in Sources */,
			);
			runOnlyForDeploymentPostprocessing = 0;
		};
/* End PBXSourcesBuildPhase section */

/* Begin PBXTargetDependency section */
		96C75DB2302A264A009FADE1 /* PBXTargetDependency */ = {
			isa = PBXTargetDependency;
			target = 96C75D9E302A2648009FADE1 /* Prospector */;
			targetProxy = 96C75DB1302A264A009FADE1 /* PBXContainerItemProxy */;
		};
		96C75DBC302A264A009FADE1 /* PBXTargetDependency */ = {
			isa = PBXTargetDependency;
			target = 96C75D9E302A2648009FADE1 /* Prospector */;
			targetProxy = 96C75DBB302A264A009FADE1 /* PBXContainerItemProxy */;
		};
/* End PBXTargetDependency section */

/* Begin XCBuildConfiguration section */
		96C75DC2302A264A009FADE1 /* Debug */ = {
			isa = XCBuildConfiguration;
			buildSettings = {
				ALWAYS_SEARCH_USER_PATHS = NO;
				ASSETCATALOG_COMPILER_GENERATE_SWIFT_ASSET_SYMBOL_EXTENSIONS = YES;
				CLANG_ANALYZER_NONNULL = YES;
				CLANG_ANALYZER_NUMBER_OBJECT_CONVERSION = YES_AGGRESSIVE;
				CLANG_CXX_LANGUAGE_STANDARD = "gnu++20";
				CLANG_ENABLE_MODULES = YES;
				CLANG_ENABLE_OBJC_ARC = YES;
				CLANG_ENABLE_OBJC_WEAK = YES;
				CLANG_WARN_BLOCK_CAPTURE_AUTORELEASING = YES;
				CLANG_WARN_BOOL_CONVERSION = YES;
				CLANG_WARN_COMMA = YES;
				CLANG_WARN_CONSTANT_CONVERSION = YES;
				CLANG_WARN_DEPRECATED_OBJC_IMPLEMENTATIONS = YES;
				CLANG_WARN_DIRECT_OBJC_ISA_USAGE = YES_ERROR;
				CLANG_WARN_DOCUMENTATION_COMMENTS = YES;
				CLANG_WARN_EMPTY_BODY = YES;
				CLANG_WARN_ENUM_CONVERSION = YES;
				CLANG_WARN_INFINITE_RECURSION = YES;
				CLANG_WARN_INT_CONVERSION = YES;
				CLANG_WARN_NON_LITERAL_NULL_CONVERSION = YES;
				CLANG_WARN_OBJC_IMPLICIT_RETAIN_SELF = YES;
				CLANG_WARN_OBJC_LITERAL_CONVERSION = YES;
				CLANG_WARN_OBJC_ROOT_CLASS = YES_ERROR;
				CLANG_WARN_QUOTED_INCLUDE_IN_FRAMEWORK_HEADER = YES;
				CLANG_WARN_RANGE_LOOP_ANALYSIS = YES;
				CLANG_WARN_STRICT_PROTOTYPES = YES;
				CLANG_WARN_SUSPICIOUS_MOVE = YES;
				CLANG_WARN_UNGUARDED_AVAILABILITY = YES_AGGRESSIVE;
				CLANG_WARN_UNREACHABLE_CODE = YES;
				CLANG_WARN__DUPLICATE_METHOD_MATCH = YES;
				COPY_PHASE_STRIP = NO;
				DEBUG_INFORMATION_FORMAT = dwarf;
				ENABLE_STRICT_OBJC_MSGSEND = YES;
				ENABLE_TESTABILITY = YES;
				ENABLE_USER_SCRIPT_SANDBOXING = YES;
				GCC_C_LANGUAGE_STANDARD = gnu17;
				GCC_DYNAMIC_NO_PIC = NO;
				GCC_NO_COMMON_BLOCKS = YES;
				GCC_OPTIMIZATION_LEVEL = 0;
				GCC_PREPROCESSOR_DEFINITIONS = (
					"DEBUG=1",
					"$(inherited)",
				);
				GCC_WARN_64_TO_32_BIT_CONVERSION = YES;
				GCC_WARN_ABOUT_RETURN_TYPE = YES_ERROR;
				GCC_WARN_UNDECLARED_SELECTOR = YES;
				GCC_WARN_UNINITIALIZED_AUTOS = YES_AGGRESSIVE;
				GCC_WARN_UNUSED_FUNCTION = YES;
				GCC_WARN_UNUSED_VARIABLE = YES;
				LOCALIZATION_PREFERS_STRING_CATALOGS = YES;
				MACOSX_DEPLOYMENT_TARGET = 14.4;
				MTL_ENABLE_DEBUG_INFO = INCLUDE_SOURCE;
				MTL_FAST_MATH = YES;
				ONLY_ACTIVE_ARCH = YES;
				SDKROOT = macosx;
				SWIFT_ACTIVE_COMPILATION_CONDITIONS = "DEBUG $(inherited)";
				SWIFT_OPTIMIZATION_LEVEL = "-Onone";
			};
			name = Debug;
		};
		96C75DC3302A264A009FADE1 /* Release */ = {
			isa = XCBuildConfiguration;
			buildSettings = {
				ALWAYS_SEARCH_USER_PATHS = NO;
				ASSETCATALOG_COMPILER_GENERATE_SWIFT_ASSET_SYMBOL_EXTENSIONS = YES;
				CLANG_ANALYZER_NONNULL = YES;
				CLANG_ANALYZER_NUMBER_OBJECT_CONVERSION = YES_AGGRESSIVE;
				CLANG_CXX_LANGUAGE_STANDARD = "gnu++20";
				CLANG_ENABLE_MODULES = YES;
				CLANG_ENABLE_OBJC_ARC = YES;
				CLANG_ENABLE_OBJC_WEAK = YES;
				CLANG_WARN_BLOCK_CAPTURE_AUTORELEASING = YES;
				CLANG_WARN_BOOL_CONVERSION = YES;
				CLANG_WARN_COMMA = YES;
				CLANG_WARN_CONSTANT_CONVERSION = YES;
				CLANG_WARN_DEPRECATED_OBJC_IMPLEMENTATIONS = YES;
				CLANG_WARN_DIRECT_OBJC_ISA_USAGE = YES_ERROR;
				CLANG_WARN_DOCUMENTATION_COMMENTS = YES;
				CLANG_WARN_EMPTY_BODY = YES;
				CLANG_WARN_ENUM_CONVERSION = YES;
				CLANG_WARN_INFINITE_RECURSION = YES;
				CLANG_WARN_INT_CONVERSION = YES;
				CLANG_WARN_NON_LITERAL_NULL_CONVERSION = YES;
				CLANG_WARN_OBJC_IMPLICIT_RETAIN_SELF = YES;
				CLANG_WARN_OBJC_LITERAL_CONVERSION = YES;
				CLANG_WARN_OBJC_ROOT_CLASS = YES_ERROR;
				CLANG_WARN_QUOTED_INCLUDE_IN_FRAMEWORK_HEADER = YES;
				CLANG_WARN_RANGE_LOOP_ANALYSIS = YES;
				CLANG_WARN_STRICT_PROTOTYPES = YES;
				CLANG_WARN_SUSPICIOUS_MOVE = YES;
				CLANG_WARN_UNGUARDED_AVAILABILITY = YES_AGGRESSIVE;
				CLANG_WARN_UNREACHABLE_CODE = YES;
				CLANG_WARN__DUPLICATE_METHOD_MATCH = YES;
				COPY_PHASE_STRIP = NO;
				DEBUG_INFORMATION_FORMAT = "dwarf-with-dsym";
				ENABLE_NS_ASSERTIONS = NO;
				ENABLE_STRICT_OBJC_MSGSEND = YES;
				ENABLE_USER_SCRIPT_SANDBOXING = YES;
				GCC_C_LANGUAGE_STANDARD = gnu17;
				GCC_NO_COMMON_BLOCKS = YES;
				GCC_WARN_64_TO_32_BIT_CONVERSION = YES;
				GCC_WARN_ABOUT_RETURN_TYPE = YES_ERROR;
				GCC_WARN_UNDECLARED_SELECTOR = YES;
				GCC_WARN_UNINITIALIZED_AUTOS = YES_AGGRESSIVE;
				GCC_WARN_UNUSED_FUNCTION = YES;
				GCC_WARN_UNUSED_VARIABLE = YES;
				LOCALIZATION_PREFERS_STRING_CATALOGS = YES;
				MACOSX_DEPLOYMENT_TARGET = 14.4;
				MTL_ENABLE_DEBUG_INFO = NO;
				MTL_FAST_MATH = YES;
				SDKROOT = macosx;
				SWIFT_COMPILATION_MODE = wholemodule;
			};
			name = Release;
		};
		96C75DC5302A264A009FADE1 /* Debug */ = {
			isa = XCBuildConfiguration;
			buildSettings = {
				ASSETCATALOG_COMPILER_APPICON_NAME = AppIcon;
				ASSETCATALOG_COMPILER_GLOBAL_ACCENT_COLOR_NAME = AccentColor;
				CODE_SIGN_ENTITLEMENTS = Prospector/Prospector.entitlements;
				CODE_SIGN_STYLE = Automatic;
				COMBINE_HIDPI_IMAGES = YES;
				CURRENT_PROJECT_VERSION = 1;
				DEVELOPMENT_ASSET_PATHS = "";
				ENABLE_PREVIEWS = YES;
				GENERATE_INFOPLIST_FILE = YES;
				INFOPLIST_KEY_NSHumanReadableCopyright = "";
				LD_RUNPATH_SEARCH_PATHS = (
					"$(inherited)",
					"@executable_path/../Frameworks",
				);
				MARKETING_VERSION = 1.0;
				PRODUCT_BUNDLE_IDENTIFIER = com.knnymck.Propsector;
				PRODUCT_NAME = "$(TARGET_NAME)";
				SWIFT_EMIT_LOC_STRINGS = YES;
				SWIFT_VERSION = 5.0;
			};
			name = Debug;
		};
		96C75DC6302A264A009FADE1 /* Release */ = {
			isa = XCBuildConfiguration;
			buildSettings = {
				ASSETCATALOG_COMPILER_APPICON_NAME = AppIcon;
				ASSETCATALOG_COMPILER_GLOBAL_ACCENT_COLOR_NAME = AccentColor;
				CODE_SIGN_ENTITLEMENTS = Prospector/Prospector.entitlements;
				CODE_SIGN_STYLE = Automatic;
				COMBINE_HIDPI_IMAGES = YES;
				CURRENT_PROJECT_VERSION = 1;
				DEVELOPMENT_ASSET_PATHS = "";
				ENABLE_PREVIEWS = YES;
				GENERATE_INFOPLIST_FILE = YES;
				INFOPLIST_KEY_NSHumanReadableCopyright = "";
				LD_RUNPATH_SEARCH_PATHS = (
					"$(inherited)",
					"@executable_path/../Frameworks",
				);
				MARKETING_VERSION = 1.0;
				PRODUCT_BUNDLE_IDENTIFIER = com.knnymck.Propsector;
				PRODUCT_NAME = "$(TARGET_NAME)";
				SWIFT_EMIT_LOC_STRINGS = YES;
				SWIFT_VERSION = 5.0;
			};
			name = Release;
		};
		96C75DC8302A264A009FADE1 /* Debug */ = {
			isa = XCBuildConfiguration;
			buildSettings = {
				ALWAYS_EMBED_SWIFT_STANDARD_LIBRARIES = YES;
				BUNDLE_LOADER = "$(TEST_HOST)";
				CODE_SIGN_STYLE = Automatic;
				CURRENT_PROJECT_VERSION = 1;
				GENERATE_INFOPLIST_FILE = YES;
				MACOSX_DEPLOYMENT_TARGET = 14.4;
				MARKETING_VERSION = 1.0;
				PRODUCT_BUNDLE_IDENTIFIER = com.knnymck.PropsectorTests;
				PRODUCT_NAME = "$(TARGET_NAME)";
				SWIFT_EMIT_LOC_STRINGS = NO;
				SWIFT_VERSION = 5.0;
				TEST_HOST = "$(BUILT_PRODUCTS_DIR)/Prospector.app/$(BUNDLE_EXECUTABLE_FOLDER_PATH)/Prospector";
			};
			name = Debug;
		};
		96C75DC9302A264A009FADE1 /* Release */ = {
			isa = XCBuildConfiguration;
			buildSettings = {
				ALWAYS_EMBED_SWIFT_STANDARD_LIBRARIES = YES;
				BUNDLE_LOADER = "$(TEST_HOST)";
				CODE_SIGN_STYLE = Automatic;
				CURRENT_PROJECT_VERSION = 1;
				GENERATE_INFOPLIST_FILE = YES;
				MACOSX_DEPLOYMENT_TARGET = 14.4;
				MARKETING_VERSION = 1.0;
				PRODUCT_BUNDLE_IDENTIFIER = com.knnymck.PropsectorTests;
				PRODUCT_NAME = "$(TARGET_NAME)";
				SWIFT_EMIT_LOC_STRINGS = NO;
				SWIFT_VERSION = 5.0;
				TEST_HOST = "$(BUILT_PRODUCTS_DIR)/Prospector.app/$(BUNDLE_EXECUTABLE_FOLDER_PATH)/Prospector";
			};
			name = Release;
		};
		96C75DCB302A264A009FADE1 /* Debug */ = {
			isa = XCBuildConfiguration;
			buildSettings = {
				ALWAYS_EMBED_SWIFT_STANDARD_LIBRARIES = YES;
				CODE_SIGN_STYLE = Automatic;
				CURRENT_PROJECT_VERSION = 1;
				GENERATE_INFOPLIST_FILE = YES;
				MARKETING_VERSION = 1.0;
				PRODUCT_BUNDLE_IDENTIFIER = com.knnymck.PropsectorUITests;
				PRODUCT_NAME = "$(TARGET_NAME)";
				SWIFT_EMIT_LOC_STRINGS = NO;
				SWIFT_VERSION = 5.0;
				TEST_TARGET_NAME = Propsector;
			};
			name = Debug;
		};
		96C75DCC302A264A009FADE1 /* Release */ = {
			isa = XCBuildConfiguration;
			buildSettings = {
				ALWAYS_EMBED_SWIFT_STANDARD_LIBRARIES = YES;
				CODE_SIGN_STYLE = Automatic;
				CURRENT_PROJECT_VERSION = 1;
				GENERATE_INFOPLIST_FILE = YES;
				MARKETING_VERSION = 1.0;
				PRODUCT_BUNDLE_IDENTIFIER = com.knnymck.PropsectorUITests;
				PRODUCT_NAME = "$(TARGET_NAME)";
				SWIFT_EMIT_LOC_STRINGS = NO;
				SWIFT_VERSION = 5.0;
				TEST_TARGET_NAME = Propsector;
			};
			name = Release;
		};
/* End XCBuildConfiguration section */

/* Begin XCConfigurationList section */
		96C75D9A302A2648009FADE1 /* Build configuration list for PBXProject "Prospector" */ = {
			isa = XCConfigurationList;
			buildConfigurations = (
				96C75DC2302A264A009FADE1 /* Debug */,
				96C75DC3302A264A009FADE1 /* Release */,
			);
			defaultConfigurationIsVisible = 0;
			defaultConfigurationName = Release;
		};
		96C75DC4302A264A009FADE1 /* Build configuration list for PBXNativeTarget "Prospector" */ = {
			isa = XCConfigurationList;
			buildConfigurations = (
				96C75DC5302A264A009FADE1 /* Debug */,
				96C75DC6302A264A009FADE1 /* Release */,
			);
			defaultConfigurationIsVisible = 0;
			defaultConfigurationName = Release;
		};
		96C75DC7302A264A009FADE1 /* Build configuration list for PBXNativeTarget "ProspectorTests" */ = {
			isa = XCConfigurationList;
			buildConfigurations = (
				96C75DC8302A264A009FADE1 /* Debug */,
				96C75DC9302A264A009FADE1 /* Release */,
			);
			defaultConfigurationIsVisible = 0;
			defaultConfigurationName = Release;
		};
		96C75DCA302A264A009FADE1 /* Build configuration list for PBXNativeTarget "ProspectorUITests" */ = {
			isa = XCConfigurationList;
			buildConfigurations = (
				96C75DCB302A264A009FADE1 /* Debug */,
				96C75DCC302A264A009FADE1 /* Release */,
			);
			defaultConfigurationIsVisible = 0;
			defaultConfigurationName = Release;
		};
/* End XCConfigurationList section */
	};
	rootObject = 96C75D97302A2648009FADE1 /* Project object */;
}
